// !$*UTF8*$!
{
	archiveVersion = 1;
	classes = {
	};
	objectVersion = 50;
	objects = {

/* Begin PBXBuildFile section */
		074D2DCD25E94351006EC6A8 /* StateToPublishedApp.swift in Sources */ = {isa = PBXBuildFile; fileRef = 074D2DCC25E94351006EC6A8 /* StateToPublishedApp.swift */; };
		074D2DCF25E94351006EC6A8 /* ContentView.swift in Sources */ = {isa = PBXBuildFile; fileRef = 074D2DCE25E94351006EC6A8 /* ContentView.swift */; };
		074D2DD125E94355006EC6A8 /* Assets.xcassets in Resources */ = {isa = PBXBuildFile; fileRef = 074D2DD025E94355006EC6A8 /* Assets.xcassets */; };
		074D2DD425E94355006EC6A8 /* Preview Assets.xcassets in Resources */ = {isa = PBXBuildFile; fileRef = 074D2DD325E94355006EC6A8 /* Preview Assets.xcassets */; };
		074D2DDF25E94355006EC6A8 /* StateToPublishedTests.swift in Sources */ = {isa = PBXBuildFile; fileRef = 074D2DDE25E94355006EC6A8 /* StateToPublishedTests.swift */; };
		074D2DFB25E9437A006EC6A8 /* ParentView.swift in Sources */ = {isa = PBXBuildFile; fileRef = 074D2DFA25E9437A006EC6A8 /* ParentView.swift */; };
		074D2E0025E94390006EC6A8 /* ViewWithStates.swift in Sources */ = {isa = PBXBuildFile; fileRef = 074D2DFF25E94390006EC6A8 /* ViewWithStates.swift */; };
		074D2E0525E943AF006EC6A8 /* ViewWithModelAndPublishers.swift in Sources */ = {isa = PBXBuildFile; fileRef = 074D2E0425E943AF006EC6A8 /* ViewWithModelAndPublishers.swift */; };
		074D2E0A25E943C7006EC6A8 /* ChildViewWithBinding.swift in Sources */ = {isa = PBXBuildFile; fileRef = 074D2E0925E943C7006EC6A8 /* ChildViewWithBinding.swift */; };
		074D2E0F25E949ED006EC6A8 /* ViewWithModelVM.swift in Sources */ = {isa = PBXBuildFile; fileRef = 074D2E0E25E949ED006EC6A8 /* ViewWithModelVM.swift */; };
/* End PBXBuildFile section */

/* Begin PBXContainerItemProxy section */
		074D2DDB25E94355006EC6A8 /* PBXContainerItemProxy */ = {
			isa = PBXContainerItemProxy;
			containerPortal = 074D2DC125E94351006EC6A8 /* Project object */;
			proxyType = 1;
			remoteGlobalIDString = 074D2DC825E94351006EC6A8;
			remoteInfo = StateToPublished;
		};
/* End PBXContainerItemProxy section */

/* Begin PBXFileReference section */
		074D2DC925E94351006EC6A8 /* StateToPublished.app */ = {isa = PBXFileReference; explicitFileType = wrapper.application; includeInIndex = 0; path = StateToPublished.app; sourceTree = BUILT_PRODUCTS_DIR; };
		074D2DCC25E94351006EC6A8 /* StateToPublishedApp.swift */ = {isa = PBXFileReference; lastKnownFileType = sourcecode.swift; path = StateToPublishedApp.swift; sourceTree = "<group>"; };
		074D2DCE25E94351006EC6A8 /* ContentView.swift */ = {isa = PBXFileReference; lastKnownFileType = sourcecode.swift; path = ContentView.swift; sourceTree = "<group>"; };
		074D2DD025E94355006EC6A8 /* Assets.xcassets */ = {isa = PBXFileReference; lastKnownFileType = folder.assetcatalog; path = Assets.xcassets; sourceTree = "<group>"; };
		074D2DD325E94355006EC6A8 /* Preview Assets.xcassets */ = {isa = PBXFileReference; lastKnownFileType = folder.assetcatalog; path = "Preview Assets.xcassets"; sourceTree = "<group>"; };
		074D2DD525E94355006EC6A8 /* Info.plist */ = {isa = PBXFileReference; lastKnownFileType = text.plist.xml; path = Info.plist; sourceTree = "<group>"; };
		074D2DDA25E94355006EC6A8 /* StateToPublishedTests.xctest */ = {isa = PBXFileReference; explicitFileType = wrapper.cfbundle; includeInIndex = 0; path = StateToPublishedTests.xctest; sourceTree = BUILT_PRODUCTS_DIR; };
		074D2DDE25E94355006EC6A8 /* StateToPublishedTests.swift */ = {isa = PBXFileReference; lastKnownFileType = sourcecode.swift; path = StateToPublishedTests.swift; sourceTree = "<group>"; };
		074D2DE025E94355006EC6A8 /* Info.plist */ = {isa = PBXFileReference; lastKnownFileType = text.plist.xml; path = Info.plist; sourceTree = "<group>"; };
		074D2DFA25E9437A006EC6A8 /* ParentView.swift */ = {isa = PBXFileReference; lastKnownFileType = sourcecode.swift; path = ParentView.swift; sourceTree = "<group>"; };
		074D2DFF25E94390006EC6A8 /* ViewWithStates.swift */ = {isa = PBXFileReference; lastKnownFileType = sourcecode.swift; path = ViewWithStates.swift; sourceTree = "<group>"; };
		074D2E0425E943AF006EC6A8 /* ViewWithModelAndPublishers.swift */ = {isa = PBXFileReference; lastKnownFileType = sourcecode.swift; path = ViewWithModelAndPublishers.swift; sourceTree = "<group>"; };
		074D2E0925E943C7006EC6A8 /* ChildViewWithBinding.swift */ = {isa = PBXFileReference; lastKnownFileType = sourcecode.swift; path = ChildViewWithBinding.swift; sourceTree = "<group>"; };
		074D2E0E25E949ED006EC6A8 /* ViewWithModelVM.swift */ = {isa = PBXFileReference; lastKnownFileType = sourcecode.swift; path = ViewWithModelVM.swift; sourceTree = "<group>"; };
/* End PBXFileReference section */

/* Begin PBXFrameworksBuildPhase section */
		074D2DC625E94351006EC6A8 /* Frameworks */ = {
			isa = PBXFrameworksBuildPhase;
			buildActionMask = 2147483647;
			files = (
			);
			runOnlyForDeploymentPostprocessing = 0;
		};
		074D2DD725E94355006EC6A8 /* Frameworks */ = {
			isa = PBXFrameworksBuildPhase;
			buildActionMask = 2147483647;
			files = (
			);
			runOnlyForDeploymentPostprocessing = 0;
		};
/* End PBXFrameworksBuildPhase section */

/* Begin PBXGroup section */
		074D2DC025E94351006EC6A8 = {
			isa = PBXGroup;
			children = (
				074D2DCB25E94351006EC6A8 /* StateToPublished */,
				074D2DDD25E94355006EC6A8 /* StateToPublishedTests */,
				074D2DCA25E94351006EC6A8 /* Products */,
			);
			sourceTree = "<group>";
		};
		074D2DCA25E94351006EC6A8 /* Products */ = {
			isa = PBXGroup;
			children = (
				074D2DC925E94351006EC6A8 /* StateToPublished.app */,
				074D2DDA25E94355006EC6A8 /* StateToPublishedTests.xctest */,
			);
			name = Products;
			sourceTree = "<group>";
		};
		074D2DCB25E94351006EC6A8 /* StateToPublished */ = {
			isa = PBXGroup;
			children = (
				074D2DCC25E94351006EC6A8 /* StateToPublishedApp.swift */,
				074D2DCE25E94351006EC6A8 /* ContentView.swift */,
				074D2DFA25E9437A006EC6A8 /* ParentView.swift */,
				074D2DFF25E94390006EC6A8 /* ViewWithStates.swift */,
				074D2E0425E943AF006EC6A8 /* ViewWithModelAndPublishers.swift */,
				074D2E0E25E949ED006EC6A8 /* ViewWithModelVM.swift */,
				074D2E0925E943C7006EC6A8 /* ChildViewWithBinding.swift */,
				074D2DD025E94355006EC6A8 /* Assets.xcassets */,
				074D2DD525E94355006EC6A8 /* Info.plist */,
				074D2DD225E94355006EC6A8 /* Preview Content */,
			);
			path = StateToPublished;
			sourceTree = "<group>";
		};
		074D2DD225E94355006EC6A8 /* Preview Content */ = {
			isa = PBXGroup;
			children = (
				074D2DD325E94355006EC6A8 /* Preview Assets.xcassets */,
			);
			path = "Preview Content";
			sourceTree = "<group>";
		};
		074D2DDD25E94355006EC6A8 /* StateToPublishedTests */ = {
			isa = PBXGroup;
			children = (
				074D2DDE25E94355006EC6A8 /* StateToPublishedTests.swift */,
				074D2DE025E94355006EC6A8 /* Info.plist */,
			);
			path = StateToPublishedTests;
			sourceTree = "<group>";
		};
/* End PBXGroup section */

/* Begin PBXNativeTarget section */
		074D2DC825E94351006EC6A8 /* StateToPublished */ = {
			isa = PBXNativeTarget;
			buildConfigurationList = 074D2DEE25E94355006EC6A8 /* Build configuration list for PBXNativeTarget "StateToPublished" */;
			buildPhases = (
				074D2DC525E94351006EC6A8 /* Sources */,
				074D2DC625E94351006EC6A8 /* Frameworks */,
				074D2DC725E94351006EC6A8 /* Resources */,
			);
			buildRules = (
			);
			dependencies = (
			);
			name = StateToPublished;
			productName = StateToPublished;
			productReference = 074D2DC925E94351006EC6A8 /* StateToPublished.app */;
			productType = "com.apple.product-type.application";
		};
		074D2DD925E94355006EC6A8 /* StateToPublishedTests */ = {
			isa = PBXNativeTarget;
			buildConfigurationList = 074D2DF125E94355006EC6A8 /* Build configuration list for PBXNativeTarget "StateToPublishedTests" */;
			buildPhases = (
				074D2DD625E94355006EC6A8 /* Sources */,
				074D2DD725E94355006EC6A8 /* Frameworks */,
				074D2DD825E94355006EC6A8 /* Resources */,
			);
			buildRules = (
			);
			dependencies = (
				074D2DDC25E94355006EC6A8 /* PBXTargetDependency */,
			);
			name = StateToPublishedTests;
			productName = StateToPublishedTests;
			productReference = 074D2DDA25E94355006EC6A8 /* StateToPublishedTests.xctest */;
			productType = "com.apple.product-type.bundle.unit-test";
		};
/* End PBXNativeTarget section */

/* Begin PBXProject section */
		074D2DC125E94351006EC6A8 /* Project object */ = {
			isa = PBXProject;
			attributes = {
				LastSwiftUpdateCheck = 1240;
				LastUpgradeCheck = 1240;
				TargetAttributes = {
					074D2DC825E94351006EC6A8 = {
						CreatedOnToolsVersion = 12.4;
					};
					074D2DD925E94355006EC6A8 = {
						CreatedOnToolsVersion = 12.4;
						TestTargetID = 074D2DC825E94351006EC6A8;
					};
				};
			};
			buildConfigurationList = 074D2DC425E94351006EC6A8 /* Build configuration list for PBXProject "StateToPublished" */;
			compatibilityVersion = "Xcode 9.3";
			developmentRegion = en;
			hasScannedForEncodings = 0;
			knownRegions = (
				en,
				Base,
			);
			mainGroup = 074D2DC025E94351006EC6A8;
			productRefGroup = 074D2DCA25E94351006EC6A8 /* Products */;
			projectDirPath = "";
			projectRoot = "";
			targets = (
				074D2DC825E94351006EC6A8 /* StateToPublished */,
				074D2DD925E94355006EC6A8 /* StateToPublishedTests */,
			);
		};
/* End PBXProject section */

/* Begin PBXResourcesBuildPhase section */
		074D2DC725E94351006EC6A8 /* Resources */ = {
			isa = PBXResourcesBuildPhase;
			buildActionMask = 2147483647;
			files = (
				074D2DD425E94355006EC6A8 /* Preview Assets.xcassets in Resources */,
				074D2DD125E94355006EC6A8 /* Assets.xcassets in Resources */,
			);
			runOnlyForDeploymentPostprocessing = 0;
		};
		074D2DD825E94355006EC6A8 /* Resources */ = {
			isa = PBXResourcesBuildPhase;
			buildActionMask = 2147483647;
			files = (
			);
			runOnlyForDeploymentPostprocessing = 0;
		};
/* End PBXResourcesBuildPhase section */

/* Begin PBXSourcesBuildPhase section */
		074D2DC525E94351006EC6A8 /* Sources */ = {
			isa = PBXSourcesBuildPhase;
			buildActionMask = 2147483647;
			files = (
				074D2E0F25E949ED006EC6A8 /* ViewWithModelVM.swift in Sources */,
				074D2E0525E943AF006EC6A8 /* ViewWithModelAndPublishers.swift in Sources */,
				074D2DCF25E94351006EC6A8 /* ContentView.swift in Sources */,
				074D2DFB25E9437A006EC6A8 /* ParentView.swift in Sources */,
				074D2E0025E94390006EC6A8 /* ViewWithStates.swift in Sources */,
				074D2DCD25E94351006EC6A8 /* StateToPublishedApp.swift in Sources */,
				074D2E0A25E943C7006EC6A8 /* ChildViewWithBinding.swift in Sources */,
			);
			runOnlyForDeploymentPostprocessing = 0;
		};
		074D2DD625E94355006EC6A8 /* Sources */ = {
			isa = PBXSourcesBuildPhase;
			buildActionMask = 2147483647;
			files = (
				074D2DDF25E94355006EC6A8 /* StateToPublishedTests.swift in Sources */,
			);
			runOnlyForDeploymentPostprocessing = 0;
		};
/* End PBXSourcesBuildPhase section */

/* Begin PBXTargetDependency section */
		074D2DDC25E94355006EC6A8 /* PBXTargetDependency */ = {
			isa = PBXTargetDependency;
			target = 074D2DC825E94351006EC6A8 /* StateToPublished */;
			targetProxy = 074D2DDB25E94355006EC6A8 /* PBXContainerItemProxy */;
		};
/* End PBXTargetDependency section */

/* Begin XCBuildConfiguration section */
		074D2DEC25E94355006EC6A8 /* Debug */ = {
			isa = XCBuildConfiguration;
			buildSettings = {
				ALWAYS_SEARCH_USER_PATHS = NO;
				CLANG_ANALYZER_NONNULL = YES;
				CLANG_ANALYZER_NUMBER_OBJECT_CONVERSION = YES_AGGRESSIVE;
				CLANG_CXX_LANGUAGE_STANDARD = "gnu++14";
				CLANG_CXX_LIBRARY = "libc++";
				CLANG_ENABLE_MODULES = YES;
				CLANG_ENABLE_OBJC_ARC = YES;
				CLANG_ENABLE_OBJC_WEAK = YES;
				CLANG_WARN_BLOCK_CAPTURE_AUTORELEASING = YES;
				CLANG_WARN_BOOL_CONVERSION = YES;
				CLANG_WARN_COMMA = YES;
				CLANG_WARN_CONSTANT_CONVERSION = YES;
				CLANG_WARN_DEPRECATED_OBJC_IMPLEMENTATIONS = YES;
				CLANG_WARN_DIRECT_OBJC_ISA_USAGE = YES_ERROR;
				CLANG_WARN_DOCUMENTATION_COMMENTS = YES;
				CLANG_WARN_EMPTY_BODY = YES;
				CLANG_WARN_ENUM_CONVERSION = YES;
				CLANG_WARN_INFINITE_RECURSION = YES;
				CLANG_WARN_INT_CONVERSION = YES;
				CLANG_WARN_NON_LITERAL_NULL_CONVERSION = YES;
				CLANG_WARN_OBJC_IMPLICIT_RETAIN_SELF = YES;
				CLANG_WARN_OBJC_LITERAL_CONVERSION = YES;
				CLANG_WARN_OBJC_ROOT_CLASS = YES_ERROR;
				CLANG_WARN_QUOTED_INCLUDE_IN_FRAMEWORK_HEADER = YES;
				CLANG_WARN_RANGE_LOOP_ANALYSIS = YES;
				CLANG_WARN_STRICT_PROTOTYPES = YES;
				CLANG_WARN_SUSPICIOUS_MOVE = YES;
				CLANG_WARN_UNGUARDED_AVAILABILITY = YES_AGGRESSIVE;
				CLANG_WARN_UNREACHABLE_CODE = YES;
				CLANG_WARN__DUPLICATE_METHOD_MATCH = YES;
				COPY_PHASE_STRIP = NO;
				DEBUG_INFORMATION_FORMAT = dwarf;
				ENABLE_STRICT_OBJC_MSGSEND = YES;
				ENABLE_TESTABILITY = YES;
				GCC_C_LANGUAGE_STANDARD = gnu11;
				GCC_DYNAMIC_NO_PIC = NO;
				GCC_NO_COMMON_BLOCKS = YES;
				GCC_OPTIMIZATION_LEVEL = 0;
				GCC_PREPROCESSOR_DEFINITIONS = (
					"DEBUG=1",
					"$(inherited)",
				);
				GCC_WARN_64_TO_32_BIT_CONVERSION = YES;
				GCC_WARN_ABOUT_RETURN_TYPE = YES_ERROR;
				GCC_WARN_UNDECLARED_SELECTOR = YES;
				GCC_WARN_UNINITIALIZED_AUTOS = YES_AGGRESSIVE;
				GCC_WARN_UNUSED_FUNCTION = YES;
				GCC_WARN_UNUSED_VARIABLE = YES;
				IPHONEOS_DEPLOYMENT_TARGET = 14.4;
				MTL_ENABLE_DEBUG_INFO = INCLUDE_SOURCE;
				MTL_FAST_MATH = YES;
				ONLY_ACTIVE_ARCH = YES;
				SDKROOT = iphoneos;
				SWIFT_ACTIVE_COMPILATION_CONDITIONS = DEBUG;
				SWIFT_OPTIMIZATION_LEVEL = "-Onone";
			};
			name = Debug;
		};
		074D2DED25E94355006EC6A8 /* Release */ = {
			isa = XCBuildConfiguration;
			buildSettings = {
				ALWAYS_SEARCH_USER_PATHS = NO;
				CLANG_ANALYZER_NONNULL = YES;
				CLANG_ANALYZER_NUMBER_OBJECT_CONVERSION = YES_AGGRESSIVE;
				CLANG_CXX_LANGUAGE_STANDARD = "gnu++14";
				CLANG_CXX_LIBRARY = "libc++";
				CLANG_ENABLE_MODULES = YES;
				CLANG_ENABLE_OBJC_ARC = YES;
				CLANG_ENABLE_OBJC_WEAK = YES;
				CLANG_WARN_BLOCK_CAPTURE_AUTORELEASING = YES;
				CLANG_WARN_BOOL_CONVERSION = YES;
				CLANG_WARN_COMMA = YES;
				CLANG_WARN_CONSTANT_CONVERSION = YES;
				CLANG_WARN_DEPRECATED_OBJC_IMPLEMENTATIONS = YES;
				CLANG_WARN_DIRECT_OBJC_ISA_USAGE = YES_ERROR;
				CLANG_WARN_DOCUMENTATION_COMMENTS = YES;
				CLANG_WARN_EMPTY_BODY = YES;
				CLANG_WARN_ENUM_CONVERSION = YES;
				CLANG_WARN_INFINITE_RECURSION = YES;
				CLANG_WARN_INT_CONVERSION = YES;
				CLANG_WARN_NON_LITERAL_NULL_CONVERSION = YES;
				CLANG_WARN_OBJC_IMPLICIT_RETAIN_SELF = YES;
				CLANG_WARN_OBJC_LITERAL_CONVERSION = YES;
				CLANG_WARN_OBJC_ROOT_CLASS = YES_ERROR;
				CLANG_WARN_QUOTED_INCLUDE_IN_FRAMEWORK_HEADER = YES;
				CLANG_WARN_RANGE_LOOP_ANALYSIS = YES;
				CLANG_WARN_STRICT_PROTOTYPES = YES;
				CLANG_WARN_SUSPICIOUS_MOVE = YES;
				CLANG_WARN_UNGUARDED_AVAILABILITY = YES_AGGRESSIVE;
				CLANG_WARN_UNREACHABLE_CODE = YES;
				CLANG_WARN__DUPLICATE_METHOD_MATCH = YES;
				COPY_PHASE_STRIP = NO;
				DEBUG_INFORMATION_FORMAT = "dwarf-with-dsym";
				ENABLE_NS_ASSERTIONS = NO;
				ENABLE_STRICT_OBJC_MSGSEND = YES;
				GCC_C_LANGUAGE_STANDARD = gnu11;
				GCC_NO_COMMON_BLOCKS = YES;
				GCC_WARN_64_TO_32_BIT_CONVERSION = YES;
				GCC_WARN_ABOUT_RETURN_TYPE = YES_ERROR;
				GCC_WARN_UNDECLARED_SELECTOR = YES;
				GCC_WARN_UNINITIALIZED_AUTOS = YES_AGGRESSIVE;
				GCC_WARN_UNUSED_FUNCTION = YES;
				GCC_WARN_UNUSED_VARIABLE = YES;
				IPHONEOS_DEPLOYMENT_TARGET = 14.4;
				MTL_ENABLE_DEBUG_INFO = NO;
				MTL_FAST_MATH = YES;
				SDKROOT = iphoneos;
				SWIFT_COMPILATION_MODE = wholemodule;
				SWIFT_OPTIMIZATION_LEVEL = "-O";
				VALIDATE_PRODUCT = YES;
			};
			name = Release;
		};
		074D2DEF25E94355006EC6A8 /* Debug */ = {
			isa = XCBuildConfiguration;
			buildSettings = {
				ASSETCATALOG_COMPILER_APPICON_NAME = AppIcon;
				ASSETCATALOG_COMPILER_GLOBAL_ACCENT_COLOR_NAME = AccentColor;
				CODE_SIGN_STYLE = Automatic;
				DEVELOPMENT_ASSET_PATHS = "\"StateToPublished/Preview Content\"";
				DEVELOPMENT_TEAM = 4KQ6H85Y9F;
				ENABLE_PREVIEWS = YES;
				INFOPLIST_FILE = StateToPublished/Info.plist;
				IPHONEOS_DEPLOYMENT_TARGET = 14.0;
				LD_RUNPATH_SEARCH_PATHS = (
					"$(inherited)",
					"@executable_path/Frameworks",
				);
				PRODUCT_BUNDLE_IDENTIFIER = lukesmith.StateToPublished;
				PRODUCT_NAME = "$(TARGET_NAME)";
				SWIFT_VERSION = 5.0;
				TARGETED_DEVICE_FAMILY = "1,2";
			};
			name = Debug;
		};
		074D2DF025E94355006EC6A8 /* Release */ = {
			isa = XCBuildConfiguration;
			buildSettings = {
				ASSETCATALOG_COMPILER_APPICON_NAME = AppIcon;
				ASSETCATALOG_COMPILER_GLOBAL_ACCENT_COLOR_NAME = AccentColor;
				CODE_SIGN_STYLE = Automatic;
				DEVELOPMENT_ASSET_PATHS = "\"StateToPublished/Preview Content\"";
				DEVELOPMENT_TEAM = 4KQ6H85Y9F;
				ENABLE_PREVIEWS = YES;
				INFOPLIST_FILE = StateToPublished/Info.plist;
				IPHONEOS_DEPLOYMENT_TARGET = 14.0;
				LD_RUNPATH_SEARCH_PATHS = (
					"$(inherited)",
					"@executable_path/Frameworks",
				);
				PRODUCT_BUNDLE_IDENTIFIER = lukesmith.StateToPublished;
				PRODUCT_NAME = "$(TARGET_NAME)";
				SWIFT_VERSION = 5.0;
				TARGETED_DEVICE_FAMILY = "1,2";
			};
			name = Release;
		};
		074D2DF225E94355006EC6A8 /* Debug */ = {
			isa = XCBuildConfiguration;
			buildSettings = {
				ALWAYS_EMBED_SWIFT_STANDARD_LIBRARIES = YES;
				BUNDLE_LOADER = "$(TEST_HOST)";
				CODE_SIGN_STYLE = Automatic;
				DEVELOPMENT_TEAM = 4KQ6H85Y9F;
				INFOPLIST_FILE = StateToPublishedTests/Info.plist;
				IPHONEOS_DEPLOYMENT_TARGET = 14.0;
				LD_RUNPATH_SEARCH_PATHS = (
					"$(inherited)",
					"@executable_path/Frameworks",
					"@loader_path/Frameworks",
				);
				PRODUCT_BUNDLE_IDENTIFIER = lukesmith.StateToPublishedTests;
				PRODUCT_NAME = "$(TARGET_NAME)";
				SWIFT_VERSION = 5.0;
				TARGETED_DEVICE_FAMILY = "1,2";
				TEST_HOST = "$(BUILT_PRODUCTS_DIR)/StateToPublished.app/StateToPublished";
			};
			name = Debug;
		};
		074D2DF325E94355006EC6A8 /* Release */ = {
			isa = XCBuildConfiguration;
			buildSettings = {
				ALWAYS_EMBED_SWIFT_STANDARD_LIBRARIES = YES;
				BUNDLE_LOADER = "$(TEST_HOST)";
				CODE_SIGN_STYLE = Automatic;
				DEVELOPMENT_TEAM = 4KQ6H85Y9F;
				INFOPLIST_FILE = StateToPublishedTests/Info.plist;
				IPHONEOS_DEPLOYMENT_TARGET = 14.0;
				LD_RUNPATH_SEARCH_PATHS = (
					"$(inherited)",
					"@executable_path/Frameworks",
					"@loader_path/Frameworks",
				);
				PRODUCT_BUNDLE_IDENTIFIER = lukesmith.StateToPublishedTests;
				PRODUCT_NAME = "$(TARGET_NAME)";
				SWIFT_VERSION = 5.0;
				TARGETED_DEVICE_FAMILY = "1,2";
				TEST_HOST = "$(BUILT_PRODUCTS_DIR)/StateToPublished.app/StateToPublished";
			};
			name = Release;
		};
/* End XCBuildConfiguration section */

/* Begin XCConfigurationList section */
		074D2DC425E94351006EC6A8 /* Build configuration list for PBXProject "StateToPublished" */ = {
			isa = XCConfigurationList;
			buildConfigurations = (
				074D2DEC25E94355006EC6A8 /* Debug */,
				074D2DED25E94355006EC6A8 /* Release */,
			);
			defaultConfigurationIsVisible = 0;
			defaultConfigurationName = Release;
		};
		074D2DEE25E94355006EC6A8 /* Build configuration list for PBXNativeTarget "StateToPublished" */ = {
			isa = XCConfigurationList;
			buildConfigurations = (
				074D2DEF25E94355006EC6A8 /* Debug */,
				074D2DF025E94355006EC6A8 /* Release */,
			);
			defaultConfigurationIsVisible = 0;
			defaultConfigurationName = Release;
		};
		074D2DF125E94355006EC6A8 /* Build configuration list for PBXNativeTarget "StateToPublishedTests" */ = {
			isa = XCConfigurationList;
			buildConfigurations = (
				074D2DF225E94355006EC6A8 /* Debug */,
				074D2DF325E94355006EC6A8 /* Release */,
			);
			defaultConfigurationIsVisible = 0;
			defaultConfigurationName = Release;
		};
/* End XCConfigurationList section */
	};
	rootObject = 074D2DC125E94351006EC6A8 /* Project object */;
}
